<?xml version="1.0" encoding="utf-8"?>
<Project ToolsVersion="4.0" xmlns="http://schemas.microsoft.com/developer/msbuild/2003">
  <ItemGroup>
    <Filter Include="Assets">
      <UniqueIdentifier>0d5bcbd4-f39b-4fe3-98de-bde746d46cd1</UniqueIdentifier>
      <Extensions>ico;cur;bmp;dds;dlg;fbx;rct;bin;rgs;gif;jpg;jpeg;jpe;resx;tga;tiff;tif;png;wav;mfcribbon-ms</Extensions>
    </Filter>
  </ItemGroup>
  <ItemGroup>
    <ClInclude Include="pch.h" />
    <ClInclude Include="Game.h" />
    <ClInclude Include="StepTimer.h" />
    <ClInclude Include="ReadData.h" />
  </ItemGroup>
  <ItemGroup>
    <ClCompile Include="pch.cpp" />
    <ClCompile Include="Game.cpp" />
    <ClCompile Include="Main.cpp" />
  </ItemGroup>
  <ItemGroup>
    <ResourceCompile Include="resource.rc" />
  </ItemGroup>
  <ItemGroup>
    <Image Include="directx.ico">
      <Filter>Assets</Filter>
    </Image>
    <Image Include="sunset.jpg">
      <Filter>Assets</Filter>
    </Image>
  </ItemGroup>
  <ItemGroup>
    <Manifest Include="settings.manifest">
      <Filter>Assets</Filter>
    </Manifest>
  </ItemGroup>
  <ItemGroup>
    <None Include="packages.config" />
    <None Include="Bloom.hlsli" />
  </ItemGroup>
  <ItemGroup>
    <FxCompile Include="BloomCombine.hlsl" />
    <FxCompile Include="BloomExtract.hlsl" />
    <FxCompile Include="GaussianBlur.hlsl" />
  </ItemGroup>
</Project>